
Microsoft Visual Studio Solution File, Format Version 12.00
# Visual Studio Version 17
VisualStudioVersion = 17.5.33414.496
MinimumVisualStudioVersion = 10.0.40219.1
Project("{FAE04EC0-301F-11D3-BF4B-00C04F79EFBC}") = "task at home", "task at home\task at home.csproj", "{E6CFFD1B-EAE1-4B77-A88E-E8C250731AAE}"
EndProject
Global
	GlobalSection(SolutionConfigurationPlatforms) = preSolution
		Debug|Any CPU = Debug|Any CPU
		Release|Any CPU = Release|Any CPU
	EndGlobalSection
	GlobalSection(ProjectConfigurationPlatforms) = postSolution
		{E6CFFD1B-EAE1-4B77-A88E-E8C250731AAE}.Debug|Any CPU.ActiveCfg = Debug|Any CPU
		{E6CFFD1B-EAE1-4B77-A88E-E8C250731AAE}.Debug|Any CPU.Build.0 = Debug|Any CPU
		{E6CFFD1B-EAE1-4B77-A88E-E8C250731AAE}.Release|Any CPU.ActiveCfg = Release|Any CPU
		{E6CFFD1B-EAE1-4B77-A88E-E8C250731AAE}.Release|Any CPU.Build.0 = Release|Any CPU
	EndGlobalSection
	GlobalSection(SolutionProperties) = preSolution
		HideSolutionNode = FALSE
	EndGlobalSection
	GlobalSection(ExtensibilityGlobals) = postSolution
		SolutionGuid = {189045CE-E511-44AB-971E-239B6EE2FB22}
	EndGlobalSection
EndGlobal
